{
    "_meta": {
        "hash": {
            "sha256": "bc9f13bce80bb123169027546ceac88d985e5899d938745210c1e9045e943a29"
        },
        "pipfile-spec": 6,
        "requires": {
            "django": "2.1",
            "python_version": "3.6"
        },
        "sources": [
            {
                "name": "pypi",
                "url": "https://pypi.org/simple",
                "verify_ssl": true
            }
        ]
    },
    "default": {},
    "develop": {}
}
